
Microsoft Visual Studio Solution File, Format Version 12.00
# Visual Studio Version 17
VisualStudioVersion = 17.13.35828.75
MinimumVisualStudioVersion = 10.0.40219.1
Project("{FAE04EC0-301F-11D3-BF4B-00C04F79EFBC}") = "FloppyShelf.Utilities.TextHelpers", "FloppyShelf.Utilities.TextHelpers\FloppyShelf.Utilities.TextHelpers.csproj", "{A4FF8A1B-E11A-46BC-80BC-EE75FE8CAD4F}"
EndProject
Project("{2150E333-8FDC-42A3-9474-1A3956D46DE8}") = "src", "src", "{02EA681E-C7D8-13C7-8484-4AC65E1B71E8}"
EndProject
Project("{2150E333-8FDC-42A3-9474-1A3956D46DE8}") = "tests", "tests", "{437297C9-9B3B-45F9-8450-2BA3487AD307}"
EndProject
Project("{2150E333-8FDC-42A3-9474-1A3956D46DE8}") = "Solution Items", "Solution Items", "{8EC462FD-D22E-90A8-E5CE-7E832BA40C5D}"
	ProjectSection(SolutionItems) = preProject
		.editorconfig = .editorconfig
		.gitignore = .gitignore
		Directory.Build.props = Directory.Build.props
		Directory.Packages.props = Directory.Packages.props
		LICENSE = LICENSE
		README.md = README.md
	EndProjectSection
EndProject
Project("{FAE04EC0-301F-11D3-BF4B-00C04F79EFBC}") = "FloppyShelf.Utilities.TextHelpers.Tests", "FloppyShelf.Utilities.TextHelpers.Tests\FloppyShelf.Utilities.TextHelpers.Tests.csproj", "{35C695AB-10AB-4B5E-B975-A7668D1D7D8D}"
EndProject
Global
	GlobalSection(SolutionConfigurationPlatforms) = preSolution
		Debug|Any CPU = Debug|Any CPU
		Release|Any CPU = Release|Any CPU
	EndGlobalSection
	GlobalSection(ProjectConfigurationPlatforms) = postSolution
		{A4FF8A1B-E11A-46BC-80BC-EE75FE8CAD4F}.Debug|Any CPU.ActiveCfg = Debug|Any CPU
		{A4FF8A1B-E11A-46BC-80BC-EE75FE8CAD4F}.Debug|Any CPU.Build.0 = Debug|Any CPU
		{A4FF8A1B-E11A-46BC-80BC-EE75FE8CAD4F}.Release|Any CPU.ActiveCfg = Release|Any CPU
		{A4FF8A1B-E11A-46BC-80BC-EE75FE8CAD4F}.Release|Any CPU.Build.0 = Release|Any CPU
		{35C695AB-10AB-4B5E-B975-A7668D1D7D8D}.Debug|Any CPU.ActiveCfg = Debug|Any CPU
		{35C695AB-10AB-4B5E-B975-A7668D1D7D8D}.Debug|Any CPU.Build.0 = Debug|Any CPU
		{35C695AB-10AB-4B5E-B975-A7668D1D7D8D}.Release|Any CPU.ActiveCfg = Release|Any CPU
		{35C695AB-10AB-4B5E-B975-A7668D1D7D8D}.Release|Any CPU.Build.0 = Release|Any CPU
	EndGlobalSection
	GlobalSection(SolutionProperties) = preSolution
		HideSolutionNode = FALSE
	EndGlobalSection
	GlobalSection(NestedProjects) = preSolution
		{A4FF8A1B-E11A-46BC-80BC-EE75FE8CAD4F} = {02EA681E-C7D8-13C7-8484-4AC65E1B71E8}
		{35C695AB-10AB-4B5E-B975-A7668D1D7D8D} = {437297C9-9B3B-45F9-8450-2BA3487AD307}
	EndGlobalSection
	GlobalSection(ExtensibilityGlobals) = postSolution
		SolutionGuid = {876D676F-B866-479E-B60B-2FBF974D8556}
	EndGlobalSection
EndGlobal
